PODS:
  - MJExtension (3.0.13)
  - PNChart (0.8.9):
    - UICountingLabel (~> 1.2.0)
  - SDAutoLayout (2.1.7)
  - UICountingLabel (1.2.0)

DEPENDENCIES:
  - MJExtension (~> 3.0.13)
  - PNChart
  - SDAutoLayout (~> 2.1.7)

SPEC CHECKSUMS:
  MJExtension: 5932755f451458eefa24239358817f8d291240c7
  PNChart: 84774d225c2126ded6c93d4dbe6ae98c3a73c2d2
  SDAutoLayout: e9b36d04b8c0b504762a04d76fbbe5108944297a
  UICountingLabel: 1db4e7d023e1762171eb226d6dff47a7a84f27aa

PODFILE CHECKSUM: d3416daeaa19b8e62bcf71f409195f72afdcd670

COCOAPODS: 1.0.1
