PODS:
  - PNChart (0.8.9):
    - UICountingLabel (~> 1.2.0)
  - SDAutoLayout (2.1.7)
  - UICountingLabel (1.2.0)

DEPENDENCIES:
  - PNChart
  - SDAutoLayout (~> 2.1.7)

SPEC CHECKSUMS:
  PNChart: 84774d225c2126ded6c93d4dbe6ae98c3a73c2d2
  SDAutoLayout: e9b36d04b8c0b504762a04d76fbbe5108944297a
  UICountingLabel: 1db4e7d023e1762171eb226d6dff47a7a84f27aa

PODFILE CHECKSUM: afa11d3218e7d304ec5d971487c5dec2fcbd14e9

COCOAPODS: 1.0.1
